
Microsoft Visual Studio Solution File, Format Version 12.00
# Visual Studio 15
VisualStudioVersion = 15.0.27703.2026
MinimumVisualStudioVersion = 10.0.40219.1
Project("{8BC9CEB8-8B4A-11D0-8D11-00A0C91BC942}") = "soft_knuckles", "soft_knuckles.vcxproj", "{7895A29E-E1A6-464E-BE29-EA03CB3D4EC1}"
EndProject
Project("{8BC9CEB8-8B4A-11D0-8D11-00A0C91BC942}") = "soft_knuckles_debug_client", "soft_knuckles_debug_client\soft_knuckles_debug_client.vcxproj", "{B874E443-FD03-4AF6-9EE2-8B1D27B62E42}"
EndProject
Global
	GlobalSection(SolutionConfigurationPlatforms) = preSolution
		Debug|x64 = Debug|x64
		Debug|x86 = Debug|x86
		Release|x64 = Release|x64
		Release|x86 = Release|x86
	EndGlobalSection
	GlobalSection(ProjectConfigurationPlatforms) = postSolution
		{7895A29E-E1A6-464E-BE29-EA03CB3D4EC1}.Debug|x64.ActiveCfg = Debug|x64
		{7895A29E-E1A6-464E-BE29-EA03CB3D4EC1}.Debug|x64.Build.0 = Debug|x64
		{7895A29E-E1A6-464E-BE29-EA03CB3D4EC1}.Debug|x86.ActiveCfg = Debug|Win32
		{7895A29E-E1A6-464E-BE29-EA03CB3D4EC1}.Debug|x86.Build.0 = Debug|Win32
		{7895A29E-E1A6-464E-BE29-EA03CB3D4EC1}.Release|x64.ActiveCfg = Release|x64
		{7895A29E-E1A6-464E-BE29-EA03CB3D4EC1}.Release|x64.Build.0 = Release|x64
		{7895A29E-E1A6-464E-BE29-EA03CB3D4EC1}.Release|x86.ActiveCfg = Release|Win32
		{7895A29E-E1A6-464E-BE29-EA03CB3D4EC1}.Release|x86.Build.0 = Release|Win32
		{B874E443-FD03-4AF6-9EE2-8B1D27B62E42}.Debug|x64.ActiveCfg = Debug|x64
		{B874E443-FD03-4AF6-9EE2-8B1D27B62E42}.Debug|x64.Build.0 = Debug|x64
		{B874E443-FD03-4AF6-9EE2-8B1D27B62E42}.Debug|x86.ActiveCfg = Debug|Win32
		{B874E443-FD03-4AF6-9EE2-8B1D27B62E42}.Debug|x86.Build.0 = Debug|Win32
		{B874E443-FD03-4AF6-9EE2-8B1D27B62E42}.Release|x64.ActiveCfg = Release|x64
		{B874E443-FD03-4AF6-9EE2-8B1D27B62E42}.Release|x64.Build.0 = Release|x64
		{B874E443-FD03-4AF6-9EE2-8B1D27B62E42}.Release|x86.ActiveCfg = Release|Win32
		{B874E443-FD03-4AF6-9EE2-8B1D27B62E42}.Release|x86.Build.0 = Release|Win32
	EndGlobalSection
	GlobalSection(SolutionProperties) = preSolution
		HideSolutionNode = FALSE
	EndGlobalSection
	GlobalSection(ExtensibilityGlobals) = postSolution
		SolutionGuid = {B907AB1C-7CF6-4872-A247-DC23740DA483}
	EndGlobalSection
EndGlobal
